// !$*UTF8*$!
{
	archiveVersion = 1;
	classes = {
	};
	objectVersion = 48;
	objects = {

/* Begin PBXBuildFile section */
		150482242052C6A8005AF8F1 /* Explore.storyboard in Resources */ = {isa = PBXBuildFile; fileRef = 150482232052C6A8005AF8F1 /* Explore.storyboard */; };
		150482262052C6CA005AF8F1 /* Saved.storyboard in Resources */ = {isa = PBXBuildFile; fileRef = 150482252052C6CA005AF8F1 /* Saved.storyboard */; };
		150482282052C6D9005AF8F1 /* Profile.storyboard in Resources */ = {isa = PBXBuildFile; fileRef = 150482272052C6D9005AF8F1 /* Profile.storyboard */; };
		1504822A2052C811005AF8F1 /* NotisTableViewController.swift in Sources */ = {isa = PBXBuildFile; fileRef = 150482292052C811005AF8F1 /* NotisTableViewController.swift */; };
		1504822C2052C876005AF8F1 /* WritingViewController.swift in Sources */ = {isa = PBXBuildFile; fileRef = 1504822B2052C876005AF8F1 /* WritingViewController.swift */; };
		1534874A208C8D81006E789A /* ExploreApi.swift in Sources */ = {isa = PBXBuildFile; fileRef = 15348749208C8D81006E789A /* ExploreApi.swift */; };
		1534874C208C8EF4006E789A /* PostApi.swift in Sources */ = {isa = PBXBuildFile; fileRef = 1534874B208C8EF4006E789A /* PostApi.swift */; };
		15A14A362057A8C8008EEB25 /* ExploreViewController.swift in Sources */ = {isa = PBXBuildFile; fileRef = 15A14A352057A8C8008EEB25 /* ExploreViewController.swift */; };
		15D47EB32060D4E7001CFF53 /* Post.swift in Sources */ = {isa = PBXBuildFile; fileRef = 15D47EB22060D4E7001CFF53 /* Post.swift */; };
		15D47EB520610886001CFF53 /* ExploreTableViewCell.swift in Sources */ = {isa = PBXBuildFile; fileRef = 15D47EB420610886001CFF53 /* ExploreTableViewCell.swift */; };
		1D53F52C211B12530060CCB3 /* EditPostViewController.swift in Sources */ = {isa = PBXBuildFile; fileRef = 1D53F52B211B12530060CCB3 /* EditPostViewController.swift */; };
		404A09CB8F13E04A1474C704 /* Pods_cau_study_ios.framework in Frameworks */ = {isa = PBXBuildFile; fileRef = B134038822380599309DDC06 /* Pods_cau_study_ios.framework */; };
		535F1C042116D94800C0F5FA /* SearchViewController.swift in Sources */ = {isa = PBXBuildFile; fileRef = 535F1C032116D94800C0F5FA /* SearchViewController.swift */; };
		535F1C062116D96200C0F5FA /* SearchTableViewCell.swift in Sources */ = {isa = PBXBuildFile; fileRef = 535F1C052116D96200C0F5FA /* SearchTableViewCell.swift */; };
		5387594C2109DEC400C6BB50 /* HelperService.swift in Sources */ = {isa = PBXBuildFile; fileRef = 5387594B2109DEC400C6BB50 /* HelperService.swift */; };
		539A28422106037E00FD118A /* PostViewController.swift in Sources */ = {isa = PBXBuildFile; fileRef = 539A28412106037E00FD118A /* PostViewController.swift */; };
		53F88656210CD5D600696C98 /* CategoryApi.swift in Sources */ = {isa = PBXBuildFile; fileRef = 53F88655210CD5D600696C98 /* CategoryApi.swift */; };
		AC113406210A26FC0009262A /* HashTagApi.swift in Sources */ = {isa = PBXBuildFile; fileRef = AC113405210A26FC0009262A /* HashTagApi.swift */; };
		D30286BF20F5F5680054D6B2 /* MyPostsTableViewCell.swift in Sources */ = {isa = PBXBuildFile; fileRef = D30286BE20F5F5680054D6B2 /* MyPostsTableViewCell.swift */; };
		D31AEF19210471830057203F /* UserSettingViewController.swift in Sources */ = {isa = PBXBuildFile; fileRef = D31AEF18210471830057203F /* UserSettingViewController.swift */; };
		D31AEF1B210473CB0057203F /* UserSettingTableViewCell.swift in Sources */ = {isa = PBXBuildFile; fileRef = D31AEF1A210473CB0057203F /* UserSettingTableViewCell.swift */; };
		D37C44E0210200B000AF6FFE /* ForgotUserInfoViewController.swift in Sources */ = {isa = PBXBuildFile; fileRef = D37C44DF210200B000AF6FFE /* ForgotUserInfoViewController.swift */; };
		D3896ED72105944C00C96C58 /* DeleteUserViewController.swift in Sources */ = {isa = PBXBuildFile; fileRef = D3896ED62105944C00C96C58 /* DeleteUserViewController.swift */; };
		D3896ED921059E6700C96C58 /* ChangePasswordViewController.swift in Sources */ = {isa = PBXBuildFile; fileRef = D3896ED821059E6700C96C58 /* ChangePasswordViewController.swift */; };
		D39D723320F4B9D100B0C157 /* MyPostsApi.swift in Sources */ = {isa = PBXBuildFile; fileRef = D39D723220F4B9D100B0C157 /* MyPostsApi.swift */; };
		DE3F2B0F211851CB003D7FC6 /* ErrorMessages.swift in Sources */ = {isa = PBXBuildFile; fileRef = DE3F2B0E211851CA003D7FC6 /* ErrorMessages.swift */; };
		DE5F16D4210F077000152210 /* ChangeProfileViewController.swift in Sources */ = {isa = PBXBuildFile; fileRef = DE5F16D3210F077000152210 /* ChangeProfileViewController.swift */; };
		DE5F16D6210F561900152210 /* WriterInfoViewController.swift in Sources */ = {isa = PBXBuildFile; fileRef = DE5F16D5210F561900152210 /* WriterInfoViewController.swift */; };
		DE5F16D8210F577B00152210 /* WriterPostsTableViewCell.swift in Sources */ = {isa = PBXBuildFile; fileRef = DE5F16D7210F577B00152210 /* WriterPostsTableViewCell.swift */; };
		E39D51BF204EBAB3001D94F9 /* AppDelegate.swift in Sources */ = {isa = PBXBuildFile; fileRef = E39D51BE204EBAB3001D94F9 /* AppDelegate.swift */; };
		E39D51C9204EBAB3001D94F9 /* LaunchScreen.storyboard in Resources */ = {isa = PBXBuildFile; fileRef = E39D51C7204EBAB3001D94F9 /* LaunchScreen.storyboard */; };
		E39D51D4204EBC24001D94F9 /* SignInViewController.swift in Sources */ = {isa = PBXBuildFile; fileRef = E39D51D2204EBC24001D94F9 /* SignInViewController.swift */; };
		E39D51D5204EBC24001D94F9 /* SignUpViewController.swift in Sources */ = {isa = PBXBuildFile; fileRef = E39D51D3204EBC24001D94F9 /* SignUpViewController.swift */; };
		E39D51D7204EBC36001D94F9 /* Start.storyboard in Resources */ = {isa = PBXBuildFile; fileRef = E39D51D6204EBC36001D94F9 /* Start.storyboard */; };
		E39D51D9204EBCCC001D94F9 /* Main.storyboard in Resources */ = {isa = PBXBuildFile; fileRef = E39D51D8204EBCCC001D94F9 /* Main.storyboard */; };
		E39D51DB204EBDF6001D94F9 /* GoogleService-Info.plist in Resources */ = {isa = PBXBuildFile; fileRef = E39D51DA204EBDF6001D94F9 /* GoogleService-Info.plist */; };
		E39D51DE204EBE1F001D94F9 /* AuthService.swift in Sources */ = {isa = PBXBuildFile; fileRef = E39D51DC204EBE1F001D94F9 /* AuthService.swift */; };
		E39D51DF204EBE1F001D94F9 /* Config.swift in Sources */ = {isa = PBXBuildFile; fileRef = E39D51DD204EBE1F001D94F9 /* Config.swift */; };
		E39D51E4204EBE29001D94F9 /* ProgressHUD.m in Sources */ = {isa = PBXBuildFile; fileRef = E39D51E1204EBE29001D94F9 /* ProgressHUD.m */; };
		E39D51E5204EBE29001D94F9 /* ProgressHUD.bundle in Resources */ = {isa = PBXBuildFile; fileRef = E39D51E2204EBE29001D94F9 /* ProgressHUD.bundle */; };
		E39E86392060E124007CBB6D /* ProfileViewController.swift in Sources */ = {isa = PBXBuildFile; fileRef = E39E86382060E123007CBB6D /* ProfileViewController.swift */; };
		E39E863C206104B2007CBB6D /* User.swift in Sources */ = {isa = PBXBuildFile; fileRef = E39E863A206104B1007CBB6D /* User.swift */; };
		E39E863D206104B2007CBB6D /* UserApi.swift in Sources */ = {isa = PBXBuildFile; fileRef = E39E863B206104B1007CBB6D /* UserApi.swift */; };
		E39E863F206104EA007CBB6D /* Api.swift in Sources */ = {isa = PBXBuildFile; fileRef = E39E863E206104EA007CBB6D /* Api.swift */; };
		E3B49A4921071391006B072E /* DestinationMessageCell.swift in Sources */ = {isa = PBXBuildFile; fileRef = E3B49A4621071390006B072E /* DestinationMessageCell.swift */; };
		E3B49A4A21071391006B072E /* PeopleViewController.swift in Sources */ = {isa = PBXBuildFile; fileRef = E3B49A4721071390006B072E /* PeopleViewController.swift */; };
		E3B49A4B21071391006B072E /* MyMessageCellTableViewCell.swift in Sources */ = {isa = PBXBuildFile; fileRef = E3B49A4821071390006B072E /* MyMessageCellTableViewCell.swift */; };
		E3B49A4D210713A0006B072E /* ChatModel.swift in Sources */ = {isa = PBXBuildFile; fileRef = E3B49A4C210713A0006B072E /* ChatModel.swift */; };
		E3D8A9E0210F3BF600DA7222 /* PeopleViewTableViewCell.swift in Sources */ = {isa = PBXBuildFile; fileRef = E3D8A9DF210F3BF600DA7222 /* PeopleViewTableViewCell.swift */; };
		E3E299D4206A373000ECA439 /* ChatViewController.swift in Sources */ = {isa = PBXBuildFile; fileRef = E3E299D3206A373000ECA439 /* ChatViewController.swift */; };
		E3E299DC206A391C00ECA439 /* Chat.storyboard in Resources */ = {isa = PBXBuildFile; fileRef = E3E299DB206A391C00ECA439 /* Chat.storyboard */; };
		FE1693092112C15C00A411FE /* PostCollectionViewController.swift in Sources */ = {isa = PBXBuildFile; fileRef = FE1693082112C15B00A411FE /* PostCollectionViewController.swift */; };
		FE652091211327B100DACA6C /* ChatRoomsViewController.swift in Sources */ = {isa = PBXBuildFile; fileRef = FE652090211327B100DACA6C /* ChatRoomsViewController.swift */; };
		FE6520932113293400DACA6C /* CustomCell.swift in Sources */ = {isa = PBXBuildFile; fileRef = FE6520922113293400DACA6C /* CustomCell.swift */; };
		FE6520952113D81900DACA6C /* PostRoomViewController.swift in Sources */ = {isa = PBXBuildFile; fileRef = FE6520942113D81900DACA6C /* PostRoomViewController.swift */; };
		FE6520972113D87600DACA6C /* PostCollectionViewCell.swift in Sources */ = {isa = PBXBuildFile; fileRef = FE6520962113D87600DACA6C /* PostCollectionViewCell.swift */; };
		FEC522A82110448C00856F75 /* ParentViewController.swift in Sources */ = {isa = PBXBuildFile; fileRef = FEC522A72110448C00856F75 /* ParentViewController.swift */; };
		FECDC4B6210F7A310062CDC1 /* SavedCollectionViewController.swift in Sources */ = {isa = PBXBuildFile; fileRef = FECDC4B5210F7A310062CDC1 /* SavedCollectionViewController.swift */; };
		FED3976721087D1F007F9E9E /* SavedApi.swift in Sources */ = {isa = PBXBuildFile; fileRef = FED3976621087D1F007F9E9E /* SavedApi.swift */; };
		FED3976D2109FFF3007F9E9E /* Assets.xcassets in Resources */ = {isa = PBXBuildFile; fileRef = FED3976C2109FFF2007F9E9E /* Assets.xcassets */; };
		FEE96801210F7F12007C5AFA /* SavedCollectionViewCell.swift in Sources */ = {isa = PBXBuildFile; fileRef = FEE96800210F7F12007C5AFA /* SavedCollectionViewCell.swift */; };
/* End PBXBuildFile section */

/* Begin PBXFileReference section */
		150482232052C6A8005AF8F1 /* Explore.storyboard */ = {isa = PBXFileReference; fileEncoding = 4; lastKnownFileType = file.storyboard; path = Explore.storyboard; sourceTree = "<group>"; };
		150482252052C6CA005AF8F1 /* Saved.storyboard */ = {isa = PBXFileReference; fileEncoding = 4; lastKnownFileType = file.storyboard; path = Saved.storyboard; sourceTree = "<group>"; };
		150482272052C6D9005AF8F1 /* Profile.storyboard */ = {isa = PBXFileReference; fileEncoding = 4; lastKnownFileType = file.storyboard; path = Profile.storyboard; sourceTree = "<group>"; };
		150482292052C811005AF8F1 /* NotisTableViewController.swift */ = {isa = PBXFileReference; lastKnownFileType = sourcecode.swift; path = NotisTableViewController.swift; sourceTree = "<group>"; };
		1504822B2052C876005AF8F1 /* WritingViewController.swift */ = {isa = PBXFileReference; lastKnownFileType = sourcecode.swift; path = WritingViewController.swift; sourceTree = "<group>"; };
		15348749208C8D81006E789A /* ExploreApi.swift */ = {isa = PBXFileReference; lastKnownFileType = sourcecode.swift; path = ExploreApi.swift; sourceTree = "<group>"; };
		1534874B208C8EF4006E789A /* PostApi.swift */ = {isa = PBXFileReference; lastKnownFileType = sourcecode.swift; path = PostApi.swift; sourceTree = "<group>"; };
		15A14A352057A8C8008EEB25 /* ExploreViewController.swift */ = {isa = PBXFileReference; lastKnownFileType = sourcecode.swift; path = ExploreViewController.swift; sourceTree = "<group>"; };
		15D47EB22060D4E7001CFF53 /* Post.swift */ = {isa = PBXFileReference; lastKnownFileType = sourcecode.swift; path = Post.swift; sourceTree = "<group>"; };
		15D47EB420610886001CFF53 /* ExploreTableViewCell.swift */ = {isa = PBXFileReference; lastKnownFileType = sourcecode.swift; path = ExploreTableViewCell.swift; sourceTree = "<group>"; };
		1D53F52B211B12530060CCB3 /* EditPostViewController.swift */ = {isa = PBXFileReference; lastKnownFileType = sourcecode.swift; path = EditPostViewController.swift; sourceTree = "<group>"; };
		535F1C032116D94800C0F5FA /* SearchViewController.swift */ = {isa = PBXFileReference; lastKnownFileType = sourcecode.swift; path = SearchViewController.swift; sourceTree = "<group>"; };
		535F1C052116D96200C0F5FA /* SearchTableViewCell.swift */ = {isa = PBXFileReference; lastKnownFileType = sourcecode.swift; path = SearchTableViewCell.swift; sourceTree = "<group>"; };
		5387594B2109DEC400C6BB50 /* HelperService.swift */ = {isa = PBXFileReference; lastKnownFileType = sourcecode.swift; path = HelperService.swift; sourceTree = "<group>"; };
		539A28412106037E00FD118A /* PostViewController.swift */ = {isa = PBXFileReference; lastKnownFileType = sourcecode.swift; path = PostViewController.swift; sourceTree = "<group>"; };
		53F88655210CD5D600696C98 /* CategoryApi.swift */ = {isa = PBXFileReference; lastKnownFileType = sourcecode.swift; path = CategoryApi.swift; sourceTree = "<group>"; };
		7A77189B568BA4FF60DC16BE /* Pods-cau_study_ios.debug.xcconfig */ = {isa = PBXFileReference; includeInIndex = 1; lastKnownFileType = text.xcconfig; name = "Pods-cau_study_ios.debug.xcconfig"; path = "Pods/Target Support Files/Pods-cau_study_ios/Pods-cau_study_ios.debug.xcconfig"; sourceTree = "<group>"; };
		AC113405210A26FC0009262A /* HashTagApi.swift */ = {isa = PBXFileReference; lastKnownFileType = sourcecode.swift; path = HashTagApi.swift; sourceTree = "<group>"; };
		B134038822380599309DDC06 /* Pods_cau_study_ios.framework */ = {isa = PBXFileReference; explicitFileType = wrapper.framework; includeInIndex = 0; path = Pods_cau_study_ios.framework; sourceTree = BUILT_PRODUCTS_DIR; };
		D30286BE20F5F5680054D6B2 /* MyPostsTableViewCell.swift */ = {isa = PBXFileReference; lastKnownFileType = sourcecode.swift; path = MyPostsTableViewCell.swift; sourceTree = "<group>"; };
		D31AEF18210471830057203F /* UserSettingViewController.swift */ = {isa = PBXFileReference; lastKnownFileType = sourcecode.swift; path = UserSettingViewController.swift; sourceTree = "<group>"; };
		D31AEF1A210473CB0057203F /* UserSettingTableViewCell.swift */ = {isa = PBXFileReference; lastKnownFileType = sourcecode.swift; path = UserSettingTableViewCell.swift; sourceTree = "<group>"; };
		D37C44DF210200B000AF6FFE /* ForgotUserInfoViewController.swift */ = {isa = PBXFileReference; lastKnownFileType = sourcecode.swift; path = ForgotUserInfoViewController.swift; sourceTree = "<group>"; };
		D3896ED62105944C00C96C58 /* DeleteUserViewController.swift */ = {isa = PBXFileReference; lastKnownFileType = sourcecode.swift; path = DeleteUserViewController.swift; sourceTree = "<group>"; };
		D3896ED821059E6700C96C58 /* ChangePasswordViewController.swift */ = {isa = PBXFileReference; lastKnownFileType = sourcecode.swift; path = ChangePasswordViewController.swift; sourceTree = "<group>"; };
		D39D723220F4B9D100B0C157 /* MyPostsApi.swift */ = {isa = PBXFileReference; lastKnownFileType = sourcecode.swift; path = MyPostsApi.swift; sourceTree = "<group>"; };
		DDFACC3AB4EBE20CAB25F58E /* Pods-cau_study_ios.release.xcconfig */ = {isa = PBXFileReference; includeInIndex = 1; lastKnownFileType = text.xcconfig; name = "Pods-cau_study_ios.release.xcconfig"; path = "Pods/Target Support Files/Pods-cau_study_ios/Pods-cau_study_ios.release.xcconfig"; sourceTree = "<group>"; };
		DE3F2B0E211851CA003D7FC6 /* ErrorMessages.swift */ = {isa = PBXFileReference; fileEncoding = 4; lastKnownFileType = sourcecode.swift; path = ErrorMessages.swift; sourceTree = "<group>"; };
		DE5F16D3210F077000152210 /* ChangeProfileViewController.swift */ = {isa = PBXFileReference; lastKnownFileType = sourcecode.swift; path = ChangeProfileViewController.swift; sourceTree = "<group>"; };
		DE5F16D5210F561900152210 /* WriterInfoViewController.swift */ = {isa = PBXFileReference; lastKnownFileType = sourcecode.swift; path = WriterInfoViewController.swift; sourceTree = "<group>"; };
		DE5F16D7210F577B00152210 /* WriterPostsTableViewCell.swift */ = {isa = PBXFileReference; lastKnownFileType = sourcecode.swift; path = WriterPostsTableViewCell.swift; sourceTree = "<group>"; };
		E39D51BB204EBAB3001D94F9 /* cau_study_ios.app */ = {isa = PBXFileReference; explicitFileType = wrapper.application; includeInIndex = 0; path = cau_study_ios.app; sourceTree = BUILT_PRODUCTS_DIR; };
		E39D51BE204EBAB3001D94F9 /* AppDelegate.swift */ = {isa = PBXFileReference; lastKnownFileType = sourcecode.swift; path = AppDelegate.swift; sourceTree = "<group>"; };
		E39D51C8204EBAB3001D94F9 /* Base */ = {isa = PBXFileReference; lastKnownFileType = file.storyboard; name = Base; path = Base.lproj/LaunchScreen.storyboard; sourceTree = "<group>"; };
		E39D51CA204EBAB3001D94F9 /* Info.plist */ = {isa = PBXFileReference; lastKnownFileType = text.plist.xml; path = Info.plist; sourceTree = "<group>"; };
		E39D51D2204EBC24001D94F9 /* SignInViewController.swift */ = {isa = PBXFileReference; fileEncoding = 4; lastKnownFileType = sourcecode.swift; path = SignInViewController.swift; sourceTree = "<group>"; };
		E39D51D3204EBC24001D94F9 /* SignUpViewController.swift */ = {isa = PBXFileReference; fileEncoding = 4; lastKnownFileType = sourcecode.swift; path = SignUpViewController.swift; sourceTree = "<group>"; };
		E39D51D6204EBC36001D94F9 /* Start.storyboard */ = {isa = PBXFileReference; fileEncoding = 4; lastKnownFileType = file.storyboard; path = Start.storyboard; sourceTree = "<group>"; };
		E39D51D8204EBCCC001D94F9 /* Main.storyboard */ = {isa = PBXFileReference; lastKnownFileType = file.storyboard; path = Main.storyboard; sourceTree = "<group>"; };
		E39D51DA204EBDF6001D94F9 /* GoogleService-Info.plist */ = {isa = PBXFileReference; fileEncoding = 4; lastKnownFileType = text.plist.xml; path = "GoogleService-Info.plist"; sourceTree = "<group>"; };
		E39D51DC204EBE1F001D94F9 /* AuthService.swift */ = {isa = PBXFileReference; fileEncoding = 4; lastKnownFileType = sourcecode.swift; name = AuthService.swift; path = cau_study_ios/AuthService.swift; sourceTree = "<group>"; };
		E39D51DD204EBE1F001D94F9 /* Config.swift */ = {isa = PBXFileReference; fileEncoding = 4; lastKnownFileType = sourcecode.swift; name = Config.swift; path = cau_study_ios/Config.swift; sourceTree = "<group>"; };
		E39D51E0204EBE28001D94F9 /* cau_study_ios-Bridging-Header.h */ = {isa = PBXFileReference; lastKnownFileType = sourcecode.c.h; path = "cau_study_ios-Bridging-Header.h"; sourceTree = "<group>"; };
		E39D51E1204EBE29001D94F9 /* ProgressHUD.m */ = {isa = PBXFileReference; fileEncoding = 4; lastKnownFileType = sourcecode.c.objc; name = ProgressHUD.m; path = cau_study_ios/ProgressHUD.m; sourceTree = "<group>"; };
		E39D51E2204EBE29001D94F9 /* ProgressHUD.bundle */ = {isa = PBXFileReference; lastKnownFileType = "wrapper.plug-in"; name = ProgressHUD.bundle; path = cau_study_ios/ProgressHUD.bundle; sourceTree = "<group>"; };
		E39D51E3204EBE29001D94F9 /* ProgressHUD.h */ = {isa = PBXFileReference; fileEncoding = 4; lastKnownFileType = sourcecode.c.h; name = ProgressHUD.h; path = cau_study_ios/ProgressHUD.h; sourceTree = "<group>"; };
		E39E86382060E123007CBB6D /* ProfileViewController.swift */ = {isa = PBXFileReference; fileEncoding = 4; lastKnownFileType = sourcecode.swift; path = ProfileViewController.swift; sourceTree = "<group>"; };
		E39E863A206104B1007CBB6D /* User.swift */ = {isa = PBXFileReference; fileEncoding = 4; lastKnownFileType = sourcecode.swift; path = User.swift; sourceTree = "<group>"; };
		E39E863B206104B1007CBB6D /* UserApi.swift */ = {isa = PBXFileReference; fileEncoding = 4; lastKnownFileType = sourcecode.swift; name = UserApi.swift; path = cau_study_ios/UserApi.swift; sourceTree = "<group>"; };
		E39E863E206104EA007CBB6D /* Api.swift */ = {isa = PBXFileReference; lastKnownFileType = sourcecode.swift; name = Api.swift; path = cau_study_ios/Api.swift; sourceTree = "<group>"; };
		E3B49A4621071390006B072E /* DestinationMessageCell.swift */ = {isa = PBXFileReference; fileEncoding = 4; lastKnownFileType = sourcecode.swift; path = DestinationMessageCell.swift; sourceTree = "<group>"; };
		E3B49A4721071390006B072E /* PeopleViewController.swift */ = {isa = PBXFileReference; fileEncoding = 4; lastKnownFileType = sourcecode.swift; path = PeopleViewController.swift; sourceTree = "<group>"; };
		E3B49A4821071390006B072E /* MyMessageCellTableViewCell.swift */ = {isa = PBXFileReference; fileEncoding = 4; lastKnownFileType = sourcecode.swift; path = MyMessageCellTableViewCell.swift; sourceTree = "<group>"; };
		E3B49A4C210713A0006B072E /* ChatModel.swift */ = {isa = PBXFileReference; fileEncoding = 4; lastKnownFileType = sourcecode.swift; path = ChatModel.swift; sourceTree = "<group>"; };
		E3D8A9DF210F3BF600DA7222 /* PeopleViewTableViewCell.swift */ = {isa = PBXFileReference; lastKnownFileType = sourcecode.swift; path = PeopleViewTableViewCell.swift; sourceTree = "<group>"; };
		E3D8A9E52111832100DA7222 /* cau_study_ios.entitlements */ = {isa = PBXFileReference; lastKnownFileType = text.plist.entitlements; path = cau_study_ios.entitlements; sourceTree = "<group>"; };
		E3E299D3206A373000ECA439 /* ChatViewController.swift */ = {isa = PBXFileReference; lastKnownFileType = sourcecode.swift; path = ChatViewController.swift; sourceTree = "<group>"; };
		E3E299DB206A391C00ECA439 /* Chat.storyboard */ = {isa = PBXFileReference; fileEncoding = 4; lastKnownFileType = file.storyboard; path = Chat.storyboard; sourceTree = "<group>"; };
		FE1693082112C15B00A411FE /* PostCollectionViewController.swift */ = {isa = PBXFileReference; fileEncoding = 4; lastKnownFileType = sourcecode.swift; path = PostCollectionViewController.swift; sourceTree = "<group>"; };
		FE34425120F32D340015A1FA /* SavedTableViewCell.swift */ = {isa = PBXFileReference; lastKnownFileType = sourcecode.swift; path = SavedTableViewCell.swift; sourceTree = "<group>"; };
		FE652090211327B100DACA6C /* ChatRoomsViewController.swift */ = {isa = PBXFileReference; fileEncoding = 4; lastKnownFileType = sourcecode.swift; path = ChatRoomsViewController.swift; sourceTree = "<group>"; };
		FE6520922113293400DACA6C /* CustomCell.swift */ = {isa = PBXFileReference; fileEncoding = 4; lastKnownFileType = sourcecode.swift; path = CustomCell.swift; sourceTree = "<group>"; };
		FE6520942113D81900DACA6C /* PostRoomViewController.swift */ = {isa = PBXFileReference; lastKnownFileType = sourcecode.swift; path = PostRoomViewController.swift; sourceTree = "<group>"; };
		FE6520962113D87600DACA6C /* PostCollectionViewCell.swift */ = {isa = PBXFileReference; lastKnownFileType = sourcecode.swift; path = PostCollectionViewCell.swift; sourceTree = "<group>"; };
		FEC522A72110448C00856F75 /* ParentViewController.swift */ = {isa = PBXFileReference; lastKnownFileType = sourcecode.swift; path = ParentViewController.swift; sourceTree = "<group>"; };
		FECDC4B5210F7A310062CDC1 /* SavedCollectionViewController.swift */ = {isa = PBXFileReference; lastKnownFileType = sourcecode.swift; path = SavedCollectionViewController.swift; sourceTree = "<group>"; };
		FED3976621087D1F007F9E9E /* SavedApi.swift */ = {isa = PBXFileReference; lastKnownFileType = sourcecode.swift; path = SavedApi.swift; sourceTree = "<group>"; };
		FED3976C2109FFF2007F9E9E /* Assets.xcassets */ = {isa = PBXFileReference; lastKnownFileType = folder.assetcatalog; path = Assets.xcassets; sourceTree = "<group>"; };
		FEE96800210F7F12007C5AFA /* SavedCollectionViewCell.swift */ = {isa = PBXFileReference; lastKnownFileType = sourcecode.swift; path = SavedCollectionViewCell.swift; sourceTree = "<group>"; };
/* End PBXFileReference section */

/* Begin PBXFrameworksBuildPhase section */
		E39D51B8204EBAB3001D94F9 /* Frameworks */ = {
			isa = PBXFrameworksBuildPhase;
			buildActionMask = 2147483647;
			files = (
				404A09CB8F13E04A1474C704 /* Pods_cau_study_ios.framework in Frameworks */,
			);
			runOnlyForDeploymentPostprocessing = 0;
		};
/* End PBXFrameworksBuildPhase section */

/* Begin PBXGroup section */
		15D47EB12060D49C001CFF53 /* Model */ = {
			isa = PBXGroup;
			children = (
				E39E863A206104B1007CBB6D /* User.swift */,
				E3B49A4C210713A0006B072E /* ChatModel.swift */,
				15D47EB22060D4E7001CFF53 /* Post.swift */,
			);
			path = Model;
			sourceTree = "<group>";
		};
		15D47EB620610898001CFF53 /* Views */ = {
			isa = PBXGroup;
			children = (
				15D47EB420610886001CFF53 /* ExploreTableViewCell.swift */,
				D30286BE20F5F5680054D6B2 /* MyPostsTableViewCell.swift */,
				D31AEF1A210473CB0057203F /* UserSettingTableViewCell.swift */,
				E3B49A4621071390006B072E /* DestinationMessageCell.swift */,
				DE5F16D7210F577B00152210 /* WriterPostsTableViewCell.swift */,
				E3B49A4821071390006B072E /* MyMessageCellTableViewCell.swift */,
				FE6520962113D87600DACA6C /* PostCollectionViewCell.swift */,
				FEE96800210F7F12007C5AFA /* SavedCollectionViewCell.swift */,
				E3D8A9DF210F3BF600DA7222 /* PeopleViewTableViewCell.swift */,
				FE6520922113293400DACA6C /* CustomCell.swift */,
				535F1C052116D96200C0F5FA /* SearchTableViewCell.swift */,
			);
			path = Views;
			sourceTree = "<group>";
		};
		5E45366F5959EDC349EB2602 /* Pods */ = {
			isa = PBXGroup;
			children = (
				7A77189B568BA4FF60DC16BE /* Pods-cau_study_ios.debug.xcconfig */,
				DDFACC3AB4EBE20CAB25F58E /* Pods-cau_study_ios.release.xcconfig */,
			);
			name = Pods;
			sourceTree = "<group>";
		};
		D37815FB210749A000833D57 /* Recovered References */ = {
			isa = PBXGroup;
			children = (
				FE34425120F32D340015A1FA /* SavedTableViewCell.swift */,
			);
			name = "Recovered References";
			sourceTree = "<group>";
		};
		DACADF49795A8E4C515CA152 /* Frameworks */ = {
			isa = PBXGroup;
			children = (
				B134038822380599309DDC06 /* Pods_cau_study_ios.framework */,
			);
			name = Frameworks;
			sourceTree = "<group>";
		};
		E39D51B2204EBAB3001D94F9 = {
			isa = PBXGroup;
			children = (
				E39D51E2204EBE29001D94F9 /* ProgressHUD.bundle */,
				E39D51E3204EBE29001D94F9 /* ProgressHUD.h */,
				E39D51E1204EBE29001D94F9 /* ProgressHUD.m */,
				E39D51DC204EBE1F001D94F9 /* AuthService.swift */,
				5387594B2109DEC400C6BB50 /* HelperService.swift */,
				53F88655210CD5D600696C98 /* CategoryApi.swift */,
				E39D51DD204EBE1F001D94F9 /* Config.swift */,
				E39E863B206104B1007CBB6D /* UserApi.swift */,
				DE3F2B0E211851CA003D7FC6 /* ErrorMessages.swift */,
				D39D723220F4B9D100B0C157 /* MyPostsApi.swift */,
				1534874B208C8EF4006E789A /* PostApi.swift */,
				FED3976621087D1F007F9E9E /* SavedApi.swift */,
				15348749208C8D81006E789A /* ExploreApi.swift */,
				E39E863E206104EA007CBB6D /* Api.swift */,
				AC113405210A26FC0009262A /* HashTagApi.swift */,
				E39D51DA204EBDF6001D94F9 /* GoogleService-Info.plist */,
				E39D51BD204EBAB3001D94F9 /* cau_study_ios */,
				E39D51BC204EBAB3001D94F9 /* Products */,
				5E45366F5959EDC349EB2602 /* Pods */,
				DACADF49795A8E4C515CA152 /* Frameworks */,
				E39D51E0204EBE28001D94F9 /* cau_study_ios-Bridging-Header.h */,
				D37815FB210749A000833D57 /* Recovered References */,
			);
			sourceTree = "<group>";
		};
		E39D51BC204EBAB3001D94F9 /* Products */ = {
			isa = PBXGroup;
			children = (
				E39D51BB204EBAB3001D94F9 /* cau_study_ios.app */,
			);
			name = Products;
			sourceTree = "<group>";
		};
		E39D51BD204EBAB3001D94F9 /* cau_study_ios */ = {
			isa = PBXGroup;
			children = (
				E3D8A9E52111832100DA7222 /* cau_study_ios.entitlements */,
				15D47EB620610898001CFF53 /* Views */,
				15D47EB12060D49C001CFF53 /* Model */,
				E39D51D1204EBB23001D94F9 /* ViewController */,
				E39D51D0204EBB02001D94F9 /* Storyboard */,
				E39D51BE204EBAB3001D94F9 /* AppDelegate.swift */,
				E39D51C7204EBAB3001D94F9 /* LaunchScreen.storyboard */,
				E39D51CA204EBAB3001D94F9 /* Info.plist */,
				FED3976C2109FFF2007F9E9E /* Assets.xcassets */,
			);
			path = cau_study_ios;
			sourceTree = "<group>";
		};
		E39D51D0204EBB02001D94F9 /* Storyboard */ = {
			isa = PBXGroup;
			children = (
				E39D51D6204EBC36001D94F9 /* Start.storyboard */,
				E39D51D8204EBCCC001D94F9 /* Main.storyboard */,
				E3E299DB206A391C00ECA439 /* Chat.storyboard */,
				150482232052C6A8005AF8F1 /* Explore.storyboard */,
				150482252052C6CA005AF8F1 /* Saved.storyboard */,
				150482272052C6D9005AF8F1 /* Profile.storyboard */,
			);
			path = Storyboard;
			sourceTree = "<group>";
		};
		E39D51D1204EBB23001D94F9 /* ViewController */ = {
			isa = PBXGroup;
			children = (
				E39D51D2204EBC24001D94F9 /* SignInViewController.swift */,
				E3E299D3206A373000ECA439 /* ChatViewController.swift */,
				E3B49A4721071390006B072E /* PeopleViewController.swift */,
				E39D51D3204EBC24001D94F9 /* SignUpViewController.swift */,
				FEC522A72110448C00856F75 /* ParentViewController.swift */,
				150482292052C811005AF8F1 /* NotisTableViewController.swift */,
				1504822B2052C876005AF8F1 /* WritingViewController.swift */,
				DE5F16D3210F077000152210 /* ChangeProfileViewController.swift */,
				D37C44DF210200B000AF6FFE /* ForgotUserInfoViewController.swift */,
				DE5F16D5210F561900152210 /* WriterInfoViewController.swift */,
				D31AEF18210471830057203F /* UserSettingViewController.swift */,
				D3896ED821059E6700C96C58 /* ChangePasswordViewController.swift */,
				15A14A352057A8C8008EEB25 /* ExploreViewController.swift */,
				D3896ED62105944C00C96C58 /* DeleteUserViewController.swift */,
				FE652090211327B100DACA6C /* ChatRoomsViewController.swift */,
				E39E86382060E123007CBB6D /* ProfileViewController.swift */,
				FE1693082112C15B00A411FE /* PostCollectionViewController.swift */,
				FE6520942113D81900DACA6C /* PostRoomViewController.swift */,
				FECDC4B5210F7A310062CDC1 /* SavedCollectionViewController.swift */,
				1D53F52B211B12530060CCB3 /* EditPostViewController.swift */,
				539A28412106037E00FD118A /* PostViewController.swift */,
				535F1C032116D94800C0F5FA /* SearchViewController.swift */,
			);
			path = ViewController;
			sourceTree = "<group>";
		};
/* End PBXGroup section */

/* Begin PBXNativeTarget section */
		E39D51BA204EBAB3001D94F9 /* cau_study_ios */ = {
			isa = PBXNativeTarget;
			buildConfigurationList = E39D51CD204EBAB3001D94F9 /* Build configuration list for PBXNativeTarget "cau_study_ios" */;
			buildPhases = (
				BAC83B36FA1A14B0900A64E3 /* [CP] Check Pods Manifest.lock */,
				E39D51B7204EBAB3001D94F9 /* Sources */,
				E39D51B8204EBAB3001D94F9 /* Frameworks */,
				E39D51B9204EBAB3001D94F9 /* Resources */,
				C911921931DA95CB4C8D5742 /* [CP] Embed Pods Frameworks */,
			);
			buildRules = (
			);
			dependencies = (
			);
			name = cau_study_ios;
			productName = cau_study_ios;
			productReference = E39D51BB204EBAB3001D94F9 /* cau_study_ios.app */;
			productType = "com.apple.product-type.application";
		};
/* End PBXNativeTarget section */

/* Begin PBXProject section */
		E39D51B3204EBAB3001D94F9 /* Project object */ = {
			isa = PBXProject;
			attributes = {
				LastSwiftUpdateCheck = 0920;
				LastUpgradeCheck = 0940;
				ORGANIZATIONNAME = "신형재";
				TargetAttributes = {
					E39D51BA204EBAB3001D94F9 = {
						CreatedOnToolsVersion = 9.2;
						LastSwiftMigration = 0920;
						ProvisioningStyle = Automatic;
						SystemCapabilities = {
							com.apple.BackgroundModes = {
								enabled = 1;
							};
							com.apple.Push = {
								enabled = 1;
							};
						};
					};
				};
			};
			buildConfigurationList = E39D51B6204EBAB3001D94F9 /* Build configuration list for PBXProject "cau_study_ios" */;
			compatibilityVersion = "Xcode 8.0";
			developmentRegion = en;
			hasScannedForEncodings = 0;
			knownRegions = (
				en,
				Base,
			);
			mainGroup = E39D51B2204EBAB3001D94F9;
			productRefGroup = E39D51BC204EBAB3001D94F9 /* Products */;
			projectDirPath = "";
			projectRoot = "";
			targets = (
				E39D51BA204EBAB3001D94F9 /* cau_study_ios */,
			);
		};
/* End PBXProject section */

/* Begin PBXResourcesBuildPhase section */
		E39D51B9204EBAB3001D94F9 /* Resources */ = {
			isa = PBXResourcesBuildPhase;
			buildActionMask = 2147483647;
			files = (
				E39D51C9204EBAB3001D94F9 /* LaunchScreen.storyboard in Resources */,
				150482262052C6CA005AF8F1 /* Saved.storyboard in Resources */,
				E39D51E5204EBE29001D94F9 /* ProgressHUD.bundle in Resources */,
				150482242052C6A8005AF8F1 /* Explore.storyboard in Resources */,
				FED3976D2109FFF3007F9E9E /* Assets.xcassets in Resources */,
				E39D51DB204EBDF6001D94F9 /* GoogleService-Info.plist in Resources */,
				150482282052C6D9005AF8F1 /* Profile.storyboard in Resources */,
				E39D51D7204EBC36001D94F9 /* Start.storyboard in Resources */,
				E3E299DC206A391C00ECA439 /* Chat.storyboard in Resources */,
				E39D51D9204EBCCC001D94F9 /* Main.storyboard in Resources */,
			);
			runOnlyForDeploymentPostprocessing = 0;
		};
/* End PBXResourcesBuildPhase section */

/* Begin PBXShellScriptBuildPhase section */
		BAC83B36FA1A14B0900A64E3 /* [CP] Check Pods Manifest.lock */ = {
			isa = PBXShellScriptBuildPhase;
			buildActionMask = 2147483647;
			files = (
			);
			inputPaths = (
				"${PODS_PODFILE_DIR_PATH}/Podfile.lock",
				"${PODS_ROOT}/Manifest.lock",
			);
			name = "[CP] Check Pods Manifest.lock";
			outputPaths = (
				"$(DERIVED_FILE_DIR)/Pods-cau_study_ios-checkManifestLockResult.txt",
			);
			runOnlyForDeploymentPostprocessing = 0;
			shellPath = /bin/sh;
			shellScript = "diff \"${PODS_PODFILE_DIR_PATH}/Podfile.lock\" \"${PODS_ROOT}/Manifest.lock\" > /dev/null\nif [ $? != 0 ] ; then\n    # print error to STDERR\n    echo \"error: The sandbox is not in sync with the Podfile.lock. Run 'pod install' or update your CocoaPods installation.\" >&2\n    exit 1\nfi\n# This output is used by Xcode 'outputs' to avoid re-running this script phase.\necho \"SUCCESS\" > \"${SCRIPT_OUTPUT_FILE_0}\"\n";
			showEnvVarsInLog = 0;
		};
		C911921931DA95CB4C8D5742 /* [CP] Embed Pods Frameworks */ = {
			isa = PBXShellScriptBuildPhase;
			buildActionMask = 2147483647;
			files = (
			);
			inputPaths = (
				"${SRCROOT}/Pods/Target Support Files/Pods-cau_study_ios/Pods-cau_study_ios-frameworks.sh",
				"${BUILT_PRODUCTS_DIR}/GTMSessionFetcher/GTMSessionFetcher.framework",
				"${BUILT_PRODUCTS_DIR}/GoogleUtilities/GoogleUtilities.framework",
				"${BUILT_PRODUCTS_DIR}/ObjectMapper/ObjectMapper.framework",
				"${BUILT_PRODUCTS_DIR}/Protobuf/Protobuf.framework",
				"${BUILT_PRODUCTS_DIR}/SDWebImage/SDWebImage.framework",
				"${BUILT_PRODUCTS_DIR}/SnapKit/SnapKit.framework",
				"${BUILT_PRODUCTS_DIR}/TBEmptyDataSet/TBEmptyDataSet.framework",
				"${BUILT_PRODUCTS_DIR}/TTGSnackbar/TTGSnackbar.framework",
				"${BUILT_PRODUCTS_DIR}/XLPagerTabStrip/XLPagerTabStrip.framework",
				"${BUILT_PRODUCTS_DIR}/leveldb-library/leveldb.framework",
				"${BUILT_PRODUCTS_DIR}/nanopb/nanopb.framework",
			);
			name = "[CP] Embed Pods Frameworks";
			outputPaths = (
				"${TARGET_BUILD_DIR}/${FRAMEWORKS_FOLDER_PATH}/GTMSessionFetcher.framework",
				"${TARGET_BUILD_DIR}/${FRAMEWORKS_FOLDER_PATH}/GoogleUtilities.framework",
				"${TARGET_BUILD_DIR}/${FRAMEWORKS_FOLDER_PATH}/ObjectMapper.framework",
				"${TARGET_BUILD_DIR}/${FRAMEWORKS_FOLDER_PATH}/Protobuf.framework",
				"${TARGET_BUILD_DIR}/${FRAMEWORKS_FOLDER_PATH}/SDWebImage.framework",
				"${TARGET_BUILD_DIR}/${FRAMEWORKS_FOLDER_PATH}/SnapKit.framework",
				"${TARGET_BUILD_DIR}/${FRAMEWORKS_FOLDER_PATH}/TBEmptyDataSet.framework",
				"${TARGET_BUILD_DIR}/${FRAMEWORKS_FOLDER_PATH}/TTGSnackbar.framework",
				"${TARGET_BUILD_DIR}/${FRAMEWORKS_FOLDER_PATH}/XLPagerTabStrip.framework",
				"${TARGET_BUILD_DIR}/${FRAMEWORKS_FOLDER_PATH}/leveldb.framework",
				"${TARGET_BUILD_DIR}/${FRAMEWORKS_FOLDER_PATH}/nanopb.framework",
			);
			runOnlyForDeploymentPostprocessing = 0;
			shellPath = /bin/sh;
			shellScript = "\"${SRCROOT}/Pods/Target Support Files/Pods-cau_study_ios/Pods-cau_study_ios-frameworks.sh\"\n";
			showEnvVarsInLog = 0;
		};
/* End PBXShellScriptBuildPhase section */

/* Begin PBXSourcesBuildPhase section */
		E39D51B7204EBAB3001D94F9 /* Sources */ = {
			isa = PBXSourcesBuildPhase;
			buildActionMask = 2147483647;
			files = (
				E3B49A4A21071391006B072E /* PeopleViewController.swift in Sources */,
				FEE96801210F7F12007C5AFA /* SavedCollectionViewCell.swift in Sources */,
				FE6520932113293400DACA6C /* CustomCell.swift in Sources */,
				15D47EB520610886001CFF53 /* ExploreTableViewCell.swift in Sources */,
				D31AEF1B210473CB0057203F /* UserSettingTableViewCell.swift in Sources */,
				E39D51E4204EBE29001D94F9 /* ProgressHUD.m in Sources */,
				1D53F52C211B12530060CCB3 /* EditPostViewController.swift in Sources */,
				FEC522A82110448C00856F75 /* ParentViewController.swift in Sources */,
				DE3F2B0F211851CB003D7FC6 /* ErrorMessages.swift in Sources */,
				FE1693092112C15C00A411FE /* PostCollectionViewController.swift in Sources */,
				535F1C042116D94800C0F5FA /* SearchViewController.swift in Sources */,
				E3D8A9E0210F3BF600DA7222 /* PeopleViewTableViewCell.swift in Sources */,
				FE6520952113D81900DACA6C /* PostRoomViewController.swift in Sources */,
				539A28422106037E00FD118A /* PostViewController.swift in Sources */,
				E3E299D4206A373000ECA439 /* ChatViewController.swift in Sources */,
				E3B49A4921071391006B072E /* DestinationMessageCell.swift in Sources */,
				53F88656210CD5D600696C98 /* CategoryApi.swift in Sources */,
				E3B49A4D210713A0006B072E /* ChatModel.swift in Sources */,
				1504822C2052C876005AF8F1 /* WritingViewController.swift in Sources */,
				E39E86392060E124007CBB6D /* ProfileViewController.swift in Sources */,
				1534874A208C8D81006E789A /* ExploreApi.swift in Sources */,
				D3896ED72105944C00C96C58 /* DeleteUserViewController.swift in Sources */,
				E39D51BF204EBAB3001D94F9 /* AppDelegate.swift in Sources */,
				E3B49A4B21071391006B072E /* MyMessageCellTableViewCell.swift in Sources */,
				E39D51D5204EBC24001D94F9 /* SignUpViewController.swift in Sources */,
				D39D723320F4B9D100B0C157 /* MyPostsApi.swift in Sources */,
				FECDC4B6210F7A310062CDC1 /* SavedCollectionViewController.swift in Sources */,
				D3896ED921059E6700C96C58 /* ChangePasswordViewController.swift in Sources */,
				5387594C2109DEC400C6BB50 /* HelperService.swift in Sources */,
				DE5F16D4210F077000152210 /* ChangeProfileViewController.swift in Sources */,
				E39D51DF204EBE1F001D94F9 /* Config.swift in Sources */,
				E39E863F206104EA007CBB6D /* Api.swift in Sources */,
				15A14A362057A8C8008EEB25 /* ExploreViewController.swift in Sources */,
				1504822A2052C811005AF8F1 /* NotisTableViewController.swift in Sources */,
				DE5F16D8210F577B00152210 /* WriterPostsTableViewCell.swift in Sources */,
				AC113406210A26FC0009262A /* HashTagApi.swift in Sources */,
				E39D51D4204EBC24001D94F9 /* SignInViewController.swift in Sources */,
				E39E863D206104B2007CBB6D /* UserApi.swift in Sources */,
				1534874C208C8EF4006E789A /* PostApi.swift in Sources */,
				FED3976721087D1F007F9E9E /* SavedApi.swift in Sources */,
				E39D51DE204EBE1F001D94F9 /* AuthService.swift in Sources */,
				E39E863C206104B2007CBB6D /* User.swift in Sources */,
				D37C44E0210200B000AF6FFE /* ForgotUserInfoViewController.swift in Sources */,
				15D47EB32060D4E7001CFF53 /* Post.swift in Sources */,
				FE652091211327B100DACA6C /* ChatRoomsViewController.swift in Sources */,
				D31AEF19210471830057203F /* UserSettingViewController.swift in Sources */,
				DE5F16D6210F561900152210 /* WriterInfoViewController.swift in Sources */,
				535F1C062116D96200C0F5FA /* SearchTableViewCell.swift in Sources */,
				FE6520972113D87600DACA6C /* PostCollectionViewCell.swift in Sources */,
				D30286BF20F5F5680054D6B2 /* MyPostsTableViewCell.swift in Sources */,
			);
			runOnlyForDeploymentPostprocessing = 0;
		};
/* End PBXSourcesBuildPhase section */

/* Begin PBXVariantGroup section */
		E39D51C7204EBAB3001D94F9 /* LaunchScreen.storyboard */ = {
			isa = PBXVariantGroup;
			children = (
				E39D51C8204EBAB3001D94F9 /* Base */,
			);
			name = LaunchScreen.storyboard;
			sourceTree = "<group>";
		};
/* End PBXVariantGroup section */

/* Begin XCBuildConfiguration section */
		E39D51CB204EBAB3001D94F9 /* Debug */ = {
			isa = XCBuildConfiguration;
			buildSettings = {
				ALWAYS_SEARCH_USER_PATHS = NO;
				CLANG_ANALYZER_NONNULL = YES;
				CLANG_ANALYZER_NUMBER_OBJECT_CONVERSION = YES_AGGRESSIVE;
				CLANG_CXX_LANGUAGE_STANDARD = "gnu++14";
				CLANG_CXX_LIBRARY = "libc++";
				CLANG_ENABLE_MODULES = YES;
				CLANG_ENABLE_OBJC_ARC = YES;
				CLANG_WARN_BLOCK_CAPTURE_AUTORELEASING = YES;
				CLANG_WARN_BOOL_CONVERSION = YES;
				CLANG_WARN_COMMA = YES;
				CLANG_WARN_CONSTANT_CONVERSION = YES;
				CLANG_WARN_DEPRECATED_OBJC_IMPLEMENTATIONS = YES;
				CLANG_WARN_DIRECT_OBJC_ISA_USAGE = YES_ERROR;
				CLANG_WARN_DOCUMENTATION_COMMENTS = YES;
				CLANG_WARN_EMPTY_BODY = YES;
				CLANG_WARN_ENUM_CONVERSION = YES;
				CLANG_WARN_INFINITE_RECURSION = YES;
				CLANG_WARN_INT_CONVERSION = YES;
				CLANG_WARN_NON_LITERAL_NULL_CONVERSION = YES;
				CLANG_WARN_OBJC_IMPLICIT_RETAIN_SELF = YES;
				CLANG_WARN_OBJC_LITERAL_CONVERSION = YES;
				CLANG_WARN_OBJC_ROOT_CLASS = YES_ERROR;
				CLANG_WARN_RANGE_LOOP_ANALYSIS = YES;
				CLANG_WARN_STRICT_PROTOTYPES = YES;
				CLANG_WARN_SUSPICIOUS_MOVE = YES;
				CLANG_WARN_UNGUARDED_AVAILABILITY = YES_AGGRESSIVE;
				CLANG_WARN_UNREACHABLE_CODE = YES;
				CLANG_WARN__DUPLICATE_METHOD_MATCH = YES;
				CODE_SIGN_IDENTITY = "iPhone Developer";
				COPY_PHASE_STRIP = NO;
				DEBUG_INFORMATION_FORMAT = dwarf;
				ENABLE_STRICT_OBJC_MSGSEND = YES;
				ENABLE_TESTABILITY = YES;
				GCC_C_LANGUAGE_STANDARD = gnu11;
				GCC_DYNAMIC_NO_PIC = NO;
				GCC_NO_COMMON_BLOCKS = YES;
				GCC_OPTIMIZATION_LEVEL = 0;
				GCC_PREPROCESSOR_DEFINITIONS = (
					"DEBUG=1",
					"$(inherited)",
				);
				GCC_WARN_64_TO_32_BIT_CONVERSION = YES;
				GCC_WARN_ABOUT_RETURN_TYPE = YES_ERROR;
				GCC_WARN_UNDECLARED_SELECTOR = YES;
				GCC_WARN_UNINITIALIZED_AUTOS = YES_AGGRESSIVE;
				GCC_WARN_UNUSED_FUNCTION = YES;
				GCC_WARN_UNUSED_VARIABLE = YES;
				IPHONEOS_DEPLOYMENT_TARGET = 11.2;
				MTL_ENABLE_DEBUG_INFO = YES;
				ONLY_ACTIVE_ARCH = YES;
				SDKROOT = iphoneos;
				SWIFT_ACTIVE_COMPILATION_CONDITIONS = DEBUG;
				SWIFT_OPTIMIZATION_LEVEL = "-Onone";
			};
			name = Debug;
		};
		E39D51CC204EBAB3001D94F9 /* Release */ = {
			isa = XCBuildConfiguration;
			buildSettings = {
				ALWAYS_SEARCH_USER_PATHS = NO;
				CLANG_ANALYZER_NONNULL = YES;
				CLANG_ANALYZER_NUMBER_OBJECT_CONVERSION = YES_AGGRESSIVE;
				CLANG_CXX_LANGUAGE_STANDARD = "gnu++14";
				CLANG_CXX_LIBRARY = "libc++";
				CLANG_ENABLE_MODULES = YES;
				CLANG_ENABLE_OBJC_ARC = YES;
				CLANG_WARN_BLOCK_CAPTURE_AUTORELEASING = YES;
				CLANG_WARN_BOOL_CONVERSION = YES;
				CLANG_WARN_COMMA = YES;
				CLANG_WARN_CONSTANT_CONVERSION = YES;
				CLANG_WARN_DEPRECATED_OBJC_IMPLEMENTATIONS = YES;
				CLANG_WARN_DIRECT_OBJC_ISA_USAGE = YES_ERROR;
				CLANG_WARN_DOCUMENTATION_COMMENTS = YES;
				CLANG_WARN_EMPTY_BODY = YES;
				CLANG_WARN_ENUM_CONVERSION = YES;
				CLANG_WARN_INFINITE_RECURSION = YES;
				CLANG_WARN_INT_CONVERSION = YES;
				CLANG_WARN_NON_LITERAL_NULL_CONVERSION = YES;
				CLANG_WARN_OBJC_IMPLICIT_RETAIN_SELF = YES;
				CLANG_WARN_OBJC_LITERAL_CONVERSION = YES;
				CLANG_WARN_OBJC_ROOT_CLASS = YES_ERROR;
				CLANG_WARN_RANGE_LOOP_ANALYSIS = YES;
				CLANG_WARN_STRICT_PROTOTYPES = YES;
				CLANG_WARN_SUSPICIOUS_MOVE = YES;
				CLANG_WARN_UNGUARDED_AVAILABILITY = YES_AGGRESSIVE;
				CLANG_WARN_UNREACHABLE_CODE = YES;
				CLANG_WARN__DUPLICATE_METHOD_MATCH = YES;
				CODE_SIGN_IDENTITY = "iPhone Developer";
				COPY_PHASE_STRIP = NO;
				DEBUG_INFORMATION_FORMAT = "dwarf-with-dsym";
				ENABLE_NS_ASSERTIONS = NO;
				ENABLE_STRICT_OBJC_MSGSEND = YES;
				GCC_C_LANGUAGE_STANDARD = gnu11;
				GCC_NO_COMMON_BLOCKS = YES;
				GCC_WARN_64_TO_32_BIT_CONVERSION = YES;
				GCC_WARN_ABOUT_RETURN_TYPE = YES_ERROR;
				GCC_WARN_UNDECLARED_SELECTOR = YES;
				GCC_WARN_UNINITIALIZED_AUTOS = YES_AGGRESSIVE;
				GCC_WARN_UNUSED_FUNCTION = YES;
				GCC_WARN_UNUSED_VARIABLE = YES;
				IPHONEOS_DEPLOYMENT_TARGET = 11.2;
				MTL_ENABLE_DEBUG_INFO = NO;
				SDKROOT = iphoneos;
				SWIFT_OPTIMIZATION_LEVEL = "-Owholemodule";
				VALIDATE_PRODUCT = YES;
			};
			name = Release;
		};
		E39D51CE204EBAB3001D94F9 /* Debug */ = {
			isa = XCBuildConfiguration;
			baseConfigurationReference = 7A77189B568BA4FF60DC16BE /* Pods-cau_study_ios.debug.xcconfig */;
			buildSettings = {
				ASSETCATALOG_COMPILER_APPICON_NAME = AppIcon;
				CLANG_ENABLE_MODULES = YES;
				CODE_SIGN_ENTITLEMENTS = cau_study_ios/cau_study_ios.entitlements;
				CODE_SIGN_STYLE = Automatic;
				DEVELOPMENT_TEAM = R3HX269778;
				INFOPLIST_FILE = cau_study_ios/Info.plist;
				LD_RUNPATH_SEARCH_PATHS = "$(inherited) @executable_path/Frameworks";
				PRODUCT_BUNDLE_IDENTIFIER = kr.ac.cau.bro;
				PRODUCT_NAME = "$(TARGET_NAME)";
				SWIFT_OBJC_BRIDGING_HEADER = "cau_study_ios-Bridging-Header.h";
				SWIFT_OPTIMIZATION_LEVEL = "-Onone";
				SWIFT_VERSION = 4.0;
				TARGETED_DEVICE_FAMILY = 1;
			};
			name = Debug;
		};
		E39D51CF204EBAB3001D94F9 /* Release */ = {
			isa = XCBuildConfiguration;
			baseConfigurationReference = DDFACC3AB4EBE20CAB25F58E /* Pods-cau_study_ios.release.xcconfig */;
			buildSettings = {
				ASSETCATALOG_COMPILER_APPICON_NAME = AppIcon;
				CLANG_ENABLE_MODULES = YES;
				CODE_SIGN_ENTITLEMENTS = cau_study_ios/cau_study_ios.entitlements;
				CODE_SIGN_STYLE = Automatic;
				DEVELOPMENT_TEAM = R3HX269778;
				INFOPLIST_FILE = cau_study_ios/Info.plist;
				LD_RUNPATH_SEARCH_PATHS = "$(inherited) @executable_path/Frameworks";
				PRODUCT_BUNDLE_IDENTIFIER = kr.ac.cau.bro;
				PRODUCT_NAME = "$(TARGET_NAME)";
				SWIFT_OBJC_BRIDGING_HEADER = "cau_study_ios-Bridging-Header.h";
				SWIFT_VERSION = 4.0;
				TARGETED_DEVICE_FAMILY = 1;
			};
			name = Release;
		};
/* End XCBuildConfiguration section */

/* Begin XCConfigurationList section */
		E39D51B6204EBAB3001D94F9 /* Build configuration list for PBXProject "cau_study_ios" */ = {
			isa = XCConfigurationList;
			buildConfigurations = (
				E39D51CB204EBAB3001D94F9 /* Debug */,
				E39D51CC204EBAB3001D94F9 /* Release */,
			);
			defaultConfigurationIsVisible = 0;
			defaultConfigurationName = Release;
		};
		E39D51CD204EBAB3001D94F9 /* Build configuration list for PBXNativeTarget "cau_study_ios" */ = {
			isa = XCConfigurationList;
			buildConfigurations = (
				E39D51CE204EBAB3001D94F9 /* Debug */,
				E39D51CF204EBAB3001D94F9 /* Release */,
			);
			defaultConfigurationIsVisible = 0;
			defaultConfigurationName = Release;
		};
/* End XCConfigurationList section */
	};
	rootObject = E39D51B3204EBAB3001D94F9 /* Project object */;
}
